
Microsoft Visual Studio Solution File, Format Version 12.00
# Visual Studio Version 16
VisualStudioVersion = 16.0.29215.179
MinimumVisualStudioVersion = 10.0.40219.1
Project("{9A19103F-16F7-4668-BE54-9A1E7A4F7556}") = "DolDoc.Core", "DolDoc.Core\DolDoc.Core.csproj", "{848836D4-02AC-4EF6-AC88-7FFC1050174F}"
EndProject
Project("{FAE04EC0-301F-11D3-BF4B-00C04F79EFBC}") = "DolDoc.Win32Host", "DolDoc.Win32Host\DolDoc.Win32Host.csproj", "{EF7E8493-19E6-4B68-A622-2C473A0BF2D2}"
EndProject
Project("{9A19103F-16F7-4668-BE54-9A1E7A4F7556}") = "DolDoc.Editor", "DolDoc.Editor\DolDoc.Editor.csproj", "{7AF51E57-0552-4E47-B72E-E53C36BFBE38}"
EndProject
Project("{9A19103F-16F7-4668-BE54-9A1E7A4F7556}") = "DolDoc.Tests", "DolDoc.Tests\DolDoc.Tests.csproj", "{13E0DA19-A9B4-4B96-9311-5B6A158A9DA9}"
EndProject
Global
	GlobalSection(SolutionConfigurationPlatforms) = preSolution
		Debug|Any CPU = Debug|Any CPU
		Release|Any CPU = Release|Any CPU
	EndGlobalSection
	GlobalSection(ProjectConfigurationPlatforms) = postSolution
		{848836D4-02AC-4EF6-AC88-7FFC1050174F}.Debug|Any CPU.ActiveCfg = Debug|Any CPU
		{848836D4-02AC-4EF6-AC88-7FFC1050174F}.Release|Any CPU.ActiveCfg = Release|Any CPU
		{848836D4-02AC-4EF6-AC88-7FFC1050174F}.Release|Any CPU.Build.0 = Release|Any CPU
		{EF7E8493-19E6-4B68-A622-2C473A0BF2D2}.Debug|Any CPU.ActiveCfg = Debug|Any CPU
		{EF7E8493-19E6-4B68-A622-2C473A0BF2D2}.Debug|Any CPU.Build.0 = Debug|Any CPU
		{EF7E8493-19E6-4B68-A622-2C473A0BF2D2}.Release|Any CPU.ActiveCfg = Release|Any CPU
		{EF7E8493-19E6-4B68-A622-2C473A0BF2D2}.Release|Any CPU.Build.0 = Release|Any CPU
		{7AF51E57-0552-4E47-B72E-E53C36BFBE38}.Debug|Any CPU.ActiveCfg = Debug|Any CPU
		{7AF51E57-0552-4E47-B72E-E53C36BFBE38}.Debug|Any CPU.Build.0 = Debug|Any CPU
		{7AF51E57-0552-4E47-B72E-E53C36BFBE38}.Release|Any CPU.ActiveCfg = Release|Any CPU
		{7AF51E57-0552-4E47-B72E-E53C36BFBE38}.Release|Any CPU.Build.0 = Release|Any CPU
		{13E0DA19-A9B4-4B96-9311-5B6A158A9DA9}.Debug|Any CPU.ActiveCfg = Debug|Any CPU
		{13E0DA19-A9B4-4B96-9311-5B6A158A9DA9}.Debug|Any CPU.Build.0 = Debug|Any CPU
		{13E0DA19-A9B4-4B96-9311-5B6A158A9DA9}.Release|Any CPU.ActiveCfg = Release|Any CPU
		{13E0DA19-A9B4-4B96-9311-5B6A158A9DA9}.Release|Any CPU.Build.0 = Release|Any CPU
	EndGlobalSection
	GlobalSection(SolutionProperties) = preSolution
		HideSolutionNode = FALSE
	EndGlobalSection
	GlobalSection(ExtensibilityGlobals) = postSolution
		SolutionGuid = {16DFAE06-9638-4DC9-B6AF-1900276FDE75}
	EndGlobalSection
EndGlobal
