
Microsoft Visual Studio Solution File, Format Version 12.00
# Visual Studio Version 17
VisualStudioVersion = 17.0.31919.166
MinimumVisualStudioVersion = 10.0.40219.1
Project("{9A19103F-16F7-4668-BE54-9A1E7A4F7556}") = "DolDoc.Editor", "DolDoc.Editor\DolDoc.Editor.csproj", "{7AF51E57-0552-4E47-B72E-E53C36BFBE38}"
EndProject
Project("{9A19103F-16F7-4668-BE54-9A1E7A4F7556}") = "DolDoc.Tests", "DolDoc.Tests\DolDoc.Tests.csproj", "{13E0DA19-A9B4-4B96-9311-5B6A158A9DA9}"
EndProject
Project("{9A19103F-16F7-4668-BE54-9A1E7A4F7556}") = "DolDoc.BlazorHost", "DolDoc.BlazorHost\DolDoc.BlazorHost.csproj", "{7E414E77-22D5-4E24-810C-9371C9027BF5}"
EndProject
Project("{2150E333-8FDC-42A3-9474-1A3956D46DE8}") = "Solution Items", "Solution Items", "{5C622126-AFCF-4991-AB67-EBC811A83FC9}"
	ProjectSection(SolutionItems) = preProject
		.github\workflows\github-actions.yml = .github\workflows\github-actions.yml
		README.md = README.md
	EndProjectSection
EndProject
Project("{2150E333-8FDC-42A3-9474-1A3956D46DE8}") = "Examples", "Examples", "{26B584C1-DB26-4E59-B9D0-FD060AE4F6D8}"
EndProject
Project("{9A19103F-16F7-4668-BE54-9A1E7A4F7556}") = "DolDoc.Renderer.OpenGL", "DolDoc.Renderer.OpenGL\DolDoc.Renderer.OpenGL.csproj", "{502C03CE-5370-44B8-8A13-3B63AFF232CA}"
EndProject
Project("{2150E333-8FDC-42A3-9474-1A3956D46DE8}") = "Renderers", "Renderers", "{287DBDA6-630C-494F-B783-328938AA3662}"
EndProject
Project("{9A19103F-16F7-4668-BE54-9A1E7A4F7556}") = "DolDoc.Examples.Shell", "Examples\DolDoc.Examples.Shell\DolDoc.Examples.Shell.csproj", "{1BEF9336-0C48-4613-8865-8C66F424F100}"
EndProject
Project("{FAE04EC0-301F-11D3-BF4B-00C04F79EFBC}") = "DolDoc.Examples", "Examples\DolDoc.Examples\DolDoc.Examples.csproj", "{03106C8A-2AD3-469C-A455-903BE4D6D211}"
EndProject
Project("{FAE04EC0-301F-11D3-BF4B-00C04F79EFBC}") = "DolDoc.Examples.WebClient", "Examples\DolDoc.Examples.WebClient\DolDoc.Examples.WebClient.csproj", "{543E6F0E-DE72-4154-A193-F7C59F887130}"
EndProject
Project("{FAE04EC0-301F-11D3-BF4B-00C04F79EFBC}") = "DolDoc.Examples.WebServer", "Examples\DolDoc.Examples.WebServer\DolDoc.Examples.WebServer.csproj", "{F77E7892-1EF1-4224-9DBD-67871FAF52B9}"
EndProject
Global
	GlobalSection(SolutionConfigurationPlatforms) = preSolution
		Debug|Any CPU = Debug|Any CPU
		Debug|x64 = Debug|x64
		Debug|x86 = Debug|x86
		Release|Any CPU = Release|Any CPU
		Release|x64 = Release|x64
		Release|x86 = Release|x86
	EndGlobalSection
	GlobalSection(ProjectConfigurationPlatforms) = postSolution
		{7AF51E57-0552-4E47-B72E-E53C36BFBE38}.Debug|Any CPU.ActiveCfg = Debug|Any CPU
		{7AF51E57-0552-4E47-B72E-E53C36BFBE38}.Debug|Any CPU.Build.0 = Debug|Any CPU
		{7AF51E57-0552-4E47-B72E-E53C36BFBE38}.Debug|x64.ActiveCfg = Debug|Any CPU
		{7AF51E57-0552-4E47-B72E-E53C36BFBE38}.Debug|x64.Build.0 = Debug|Any CPU
		{7AF51E57-0552-4E47-B72E-E53C36BFBE38}.Debug|x86.ActiveCfg = Debug|Any CPU
		{7AF51E57-0552-4E47-B72E-E53C36BFBE38}.Debug|x86.Build.0 = Debug|Any CPU
		{7AF51E57-0552-4E47-B72E-E53C36BFBE38}.Release|Any CPU.ActiveCfg = Release|Any CPU
		{7AF51E57-0552-4E47-B72E-E53C36BFBE38}.Release|Any CPU.Build.0 = Release|Any CPU
		{7AF51E57-0552-4E47-B72E-E53C36BFBE38}.Release|x64.ActiveCfg = Release|Any CPU
		{7AF51E57-0552-4E47-B72E-E53C36BFBE38}.Release|x64.Build.0 = Release|Any CPU
		{7AF51E57-0552-4E47-B72E-E53C36BFBE38}.Release|x86.ActiveCfg = Release|Any CPU
		{7AF51E57-0552-4E47-B72E-E53C36BFBE38}.Release|x86.Build.0 = Release|Any CPU
		{13E0DA19-A9B4-4B96-9311-5B6A158A9DA9}.Debug|Any CPU.ActiveCfg = Debug|Any CPU
		{13E0DA19-A9B4-4B96-9311-5B6A158A9DA9}.Debug|Any CPU.Build.0 = Debug|Any CPU
		{13E0DA19-A9B4-4B96-9311-5B6A158A9DA9}.Debug|x64.ActiveCfg = Debug|Any CPU
		{13E0DA19-A9B4-4B96-9311-5B6A158A9DA9}.Debug|x64.Build.0 = Debug|Any CPU
		{13E0DA19-A9B4-4B96-9311-5B6A158A9DA9}.Debug|x86.ActiveCfg = Debug|Any CPU
		{13E0DA19-A9B4-4B96-9311-5B6A158A9DA9}.Debug|x86.Build.0 = Debug|Any CPU
		{13E0DA19-A9B4-4B96-9311-5B6A158A9DA9}.Release|Any CPU.ActiveCfg = Release|Any CPU
		{13E0DA19-A9B4-4B96-9311-5B6A158A9DA9}.Release|Any CPU.Build.0 = Release|Any CPU
		{13E0DA19-A9B4-4B96-9311-5B6A158A9DA9}.Release|x64.ActiveCfg = Release|Any CPU
		{13E0DA19-A9B4-4B96-9311-5B6A158A9DA9}.Release|x64.Build.0 = Release|Any CPU
		{13E0DA19-A9B4-4B96-9311-5B6A158A9DA9}.Release|x86.ActiveCfg = Release|Any CPU
		{13E0DA19-A9B4-4B96-9311-5B6A158A9DA9}.Release|x86.Build.0 = Release|Any CPU
		{7E414E77-22D5-4E24-810C-9371C9027BF5}.Debug|Any CPU.ActiveCfg = Debug|Any CPU
		{7E414E77-22D5-4E24-810C-9371C9027BF5}.Debug|x64.ActiveCfg = Debug|Any CPU
		{7E414E77-22D5-4E24-810C-9371C9027BF5}.Debug|x64.Build.0 = Debug|Any CPU
		{7E414E77-22D5-4E24-810C-9371C9027BF5}.Debug|x86.ActiveCfg = Debug|Any CPU
		{7E414E77-22D5-4E24-810C-9371C9027BF5}.Debug|x86.Build.0 = Debug|Any CPU
		{7E414E77-22D5-4E24-810C-9371C9027BF5}.Release|Any CPU.ActiveCfg = Release|Any CPU
		{7E414E77-22D5-4E24-810C-9371C9027BF5}.Release|Any CPU.Build.0 = Release|Any CPU
		{7E414E77-22D5-4E24-810C-9371C9027BF5}.Release|x64.ActiveCfg = Release|Any CPU
		{7E414E77-22D5-4E24-810C-9371C9027BF5}.Release|x64.Build.0 = Release|Any CPU
		{7E414E77-22D5-4E24-810C-9371C9027BF5}.Release|x86.ActiveCfg = Release|Any CPU
		{7E414E77-22D5-4E24-810C-9371C9027BF5}.Release|x86.Build.0 = Release|Any CPU
		{502C03CE-5370-44B8-8A13-3B63AFF232CA}.Debug|Any CPU.ActiveCfg = Debug|Any CPU
		{502C03CE-5370-44B8-8A13-3B63AFF232CA}.Debug|Any CPU.Build.0 = Debug|Any CPU
		{502C03CE-5370-44B8-8A13-3B63AFF232CA}.Debug|x64.ActiveCfg = Debug|Any CPU
		{502C03CE-5370-44B8-8A13-3B63AFF232CA}.Debug|x64.Build.0 = Debug|Any CPU
		{502C03CE-5370-44B8-8A13-3B63AFF232CA}.Debug|x86.ActiveCfg = Debug|Any CPU
		{502C03CE-5370-44B8-8A13-3B63AFF232CA}.Debug|x86.Build.0 = Debug|Any CPU
		{502C03CE-5370-44B8-8A13-3B63AFF232CA}.Release|Any CPU.ActiveCfg = Release|Any CPU
		{502C03CE-5370-44B8-8A13-3B63AFF232CA}.Release|Any CPU.Build.0 = Release|Any CPU
		{502C03CE-5370-44B8-8A13-3B63AFF232CA}.Release|x64.ActiveCfg = Release|Any CPU
		{502C03CE-5370-44B8-8A13-3B63AFF232CA}.Release|x64.Build.0 = Release|Any CPU
		{502C03CE-5370-44B8-8A13-3B63AFF232CA}.Release|x86.ActiveCfg = Release|Any CPU
		{502C03CE-5370-44B8-8A13-3B63AFF232CA}.Release|x86.Build.0 = Release|Any CPU
		{1BEF9336-0C48-4613-8865-8C66F424F100}.Debug|Any CPU.ActiveCfg = Debug|Any CPU
		{1BEF9336-0C48-4613-8865-8C66F424F100}.Debug|Any CPU.Build.0 = Debug|Any CPU
		{1BEF9336-0C48-4613-8865-8C66F424F100}.Debug|x64.ActiveCfg = Debug|Any CPU
		{1BEF9336-0C48-4613-8865-8C66F424F100}.Debug|x64.Build.0 = Debug|Any CPU
		{1BEF9336-0C48-4613-8865-8C66F424F100}.Debug|x86.ActiveCfg = Debug|Any CPU
		{1BEF9336-0C48-4613-8865-8C66F424F100}.Debug|x86.Build.0 = Debug|Any CPU
		{1BEF9336-0C48-4613-8865-8C66F424F100}.Release|Any CPU.ActiveCfg = Release|Any CPU
		{1BEF9336-0C48-4613-8865-8C66F424F100}.Release|Any CPU.Build.0 = Release|Any CPU
		{1BEF9336-0C48-4613-8865-8C66F424F100}.Release|x64.ActiveCfg = Release|Any CPU
		{1BEF9336-0C48-4613-8865-8C66F424F100}.Release|x64.Build.0 = Release|Any CPU
		{1BEF9336-0C48-4613-8865-8C66F424F100}.Release|x86.ActiveCfg = Release|Any CPU
		{1BEF9336-0C48-4613-8865-8C66F424F100}.Release|x86.Build.0 = Release|Any CPU
		{03106C8A-2AD3-469C-A455-903BE4D6D211}.Debug|Any CPU.ActiveCfg = Debug|Any CPU
		{03106C8A-2AD3-469C-A455-903BE4D6D211}.Debug|Any CPU.Build.0 = Debug|Any CPU
		{03106C8A-2AD3-469C-A455-903BE4D6D211}.Debug|x64.ActiveCfg = Debug|Any CPU
		{03106C8A-2AD3-469C-A455-903BE4D6D211}.Debug|x64.Build.0 = Debug|Any CPU
		{03106C8A-2AD3-469C-A455-903BE4D6D211}.Debug|x86.ActiveCfg = Debug|Any CPU
		{03106C8A-2AD3-469C-A455-903BE4D6D211}.Debug|x86.Build.0 = Debug|Any CPU
		{03106C8A-2AD3-469C-A455-903BE4D6D211}.Release|Any CPU.ActiveCfg = Release|Any CPU
		{03106C8A-2AD3-469C-A455-903BE4D6D211}.Release|Any CPU.Build.0 = Release|Any CPU
		{03106C8A-2AD3-469C-A455-903BE4D6D211}.Release|x64.ActiveCfg = Release|Any CPU
		{03106C8A-2AD3-469C-A455-903BE4D6D211}.Release|x64.Build.0 = Release|Any CPU
		{03106C8A-2AD3-469C-A455-903BE4D6D211}.Release|x86.ActiveCfg = Release|Any CPU
		{03106C8A-2AD3-469C-A455-903BE4D6D211}.Release|x86.Build.0 = Release|Any CPU
		{543E6F0E-DE72-4154-A193-F7C59F887130}.Debug|Any CPU.ActiveCfg = Debug|Any CPU
		{543E6F0E-DE72-4154-A193-F7C59F887130}.Debug|Any CPU.Build.0 = Debug|Any CPU
		{543E6F0E-DE72-4154-A193-F7C59F887130}.Debug|x64.ActiveCfg = Debug|Any CPU
		{543E6F0E-DE72-4154-A193-F7C59F887130}.Debug|x64.Build.0 = Debug|Any CPU
		{543E6F0E-DE72-4154-A193-F7C59F887130}.Debug|x86.ActiveCfg = Debug|Any CPU
		{543E6F0E-DE72-4154-A193-F7C59F887130}.Debug|x86.Build.0 = Debug|Any CPU
		{543E6F0E-DE72-4154-A193-F7C59F887130}.Release|Any CPU.ActiveCfg = Release|Any CPU
		{543E6F0E-DE72-4154-A193-F7C59F887130}.Release|Any CPU.Build.0 = Release|Any CPU
		{543E6F0E-DE72-4154-A193-F7C59F887130}.Release|x64.ActiveCfg = Release|Any CPU
		{543E6F0E-DE72-4154-A193-F7C59F887130}.Release|x64.Build.0 = Release|Any CPU
		{543E6F0E-DE72-4154-A193-F7C59F887130}.Release|x86.ActiveCfg = Release|Any CPU
		{543E6F0E-DE72-4154-A193-F7C59F887130}.Release|x86.Build.0 = Release|Any CPU
		{F77E7892-1EF1-4224-9DBD-67871FAF52B9}.Debug|Any CPU.ActiveCfg = Debug|Any CPU
		{F77E7892-1EF1-4224-9DBD-67871FAF52B9}.Debug|Any CPU.Build.0 = Debug|Any CPU
		{F77E7892-1EF1-4224-9DBD-67871FAF52B9}.Debug|x64.ActiveCfg = Debug|Any CPU
		{F77E7892-1EF1-4224-9DBD-67871FAF52B9}.Debug|x64.Build.0 = Debug|Any CPU
		{F77E7892-1EF1-4224-9DBD-67871FAF52B9}.Debug|x86.ActiveCfg = Debug|Any CPU
		{F77E7892-1EF1-4224-9DBD-67871FAF52B9}.Debug|x86.Build.0 = Debug|Any CPU
		{F77E7892-1EF1-4224-9DBD-67871FAF52B9}.Release|Any CPU.ActiveCfg = Release|Any CPU
		{F77E7892-1EF1-4224-9DBD-67871FAF52B9}.Release|Any CPU.Build.0 = Release|Any CPU
		{F77E7892-1EF1-4224-9DBD-67871FAF52B9}.Release|x64.ActiveCfg = Release|Any CPU
		{F77E7892-1EF1-4224-9DBD-67871FAF52B9}.Release|x64.Build.0 = Release|Any CPU
		{F77E7892-1EF1-4224-9DBD-67871FAF52B9}.Release|x86.ActiveCfg = Release|Any CPU
		{F77E7892-1EF1-4224-9DBD-67871FAF52B9}.Release|x86.Build.0 = Release|Any CPU
	EndGlobalSection
	GlobalSection(SolutionProperties) = preSolution
		HideSolutionNode = FALSE
	EndGlobalSection
	GlobalSection(NestedProjects) = preSolution
		{7E414E77-22D5-4E24-810C-9371C9027BF5} = {287DBDA6-630C-494F-B783-328938AA3662}
		{502C03CE-5370-44B8-8A13-3B63AFF232CA} = {287DBDA6-630C-494F-B783-328938AA3662}
		{1BEF9336-0C48-4613-8865-8C66F424F100} = {26B584C1-DB26-4E59-B9D0-FD060AE4F6D8}
		{03106C8A-2AD3-469C-A455-903BE4D6D211} = {26B584C1-DB26-4E59-B9D0-FD060AE4F6D8}
		{543E6F0E-DE72-4154-A193-F7C59F887130} = {26B584C1-DB26-4E59-B9D0-FD060AE4F6D8}
		{F77E7892-1EF1-4224-9DBD-67871FAF52B9} = {26B584C1-DB26-4E59-B9D0-FD060AE4F6D8}
	EndGlobalSection
	GlobalSection(ExtensibilityGlobals) = postSolution
		SolutionGuid = {16DFAE06-9638-4DC9-B6AF-1900276FDE75}
	EndGlobalSection
EndGlobal
