
Microsoft Visual Studio Solution File, Format Version 12.00
# Visual Studio Version 16
VisualStudioVersion = 16.0.29215.179
MinimumVisualStudioVersion = 10.0.40219.1
Project("{FAE04EC0-301F-11D3-BF4B-00C04F79EFBC}") = "DolDoc.Win32Host", "DolDoc.Win32Host\DolDoc.Win32Host.csproj", "{EF7E8493-19E6-4B68-A622-2C473A0BF2D2}"
EndProject
Project("{9A19103F-16F7-4668-BE54-9A1E7A4F7556}") = "DolDoc.Editor", "DolDoc.Editor\DolDoc.Editor.csproj", "{7AF51E57-0552-4E47-B72E-E53C36BFBE38}"
EndProject
Project("{9A19103F-16F7-4668-BE54-9A1E7A4F7556}") = "DolDoc.Tests", "DolDoc.Tests\DolDoc.Tests.csproj", "{13E0DA19-A9B4-4B96-9311-5B6A158A9DA9}"
EndProject
Project("{2150E333-8FDC-42A3-9474-1A3956D46DE8}") = "Tools", "Tools", "{CABEAD4F-E7A1-45C0-9257-746901BA6517}"
EndProject
Project("{8BC9CEB8-8B4A-11D0-8D11-00A0C91BC942}") = "TOSZ", "Tools\TOSZ\TOSZ.vcxproj", "{9E8055AB-6AFA-450A-AFF3-6EC7E7863D15}"
EndProject
Project("{9A19103F-16F7-4668-BE54-9A1E7A4F7556}") = "DolDoc.BlazorHost", "DolDoc.BlazorHost\DolDoc.BlazorHost.csproj", "{7E414E77-22D5-4E24-810C-9371C9027BF5}"
EndProject
Global
	GlobalSection(SolutionConfigurationPlatforms) = preSolution
		Debug|Any CPU = Debug|Any CPU
		Debug|x64 = Debug|x64
		Debug|x86 = Debug|x86
		Release|Any CPU = Release|Any CPU
		Release|x64 = Release|x64
		Release|x86 = Release|x86
	EndGlobalSection
	GlobalSection(ProjectConfigurationPlatforms) = postSolution
		{EF7E8493-19E6-4B68-A622-2C473A0BF2D2}.Debug|Any CPU.ActiveCfg = Debug|Any CPU
		{EF7E8493-19E6-4B68-A622-2C473A0BF2D2}.Debug|Any CPU.Build.0 = Debug|Any CPU
		{EF7E8493-19E6-4B68-A622-2C473A0BF2D2}.Debug|x64.ActiveCfg = Debug|Any CPU
		{EF7E8493-19E6-4B68-A622-2C473A0BF2D2}.Debug|x64.Build.0 = Debug|Any CPU
		{EF7E8493-19E6-4B68-A622-2C473A0BF2D2}.Debug|x86.ActiveCfg = Debug|Any CPU
		{EF7E8493-19E6-4B68-A622-2C473A0BF2D2}.Debug|x86.Build.0 = Debug|Any CPU
		{EF7E8493-19E6-4B68-A622-2C473A0BF2D2}.Release|Any CPU.ActiveCfg = Release|Any CPU
		{EF7E8493-19E6-4B68-A622-2C473A0BF2D2}.Release|Any CPU.Build.0 = Release|Any CPU
		{EF7E8493-19E6-4B68-A622-2C473A0BF2D2}.Release|x64.ActiveCfg = Release|Any CPU
		{EF7E8493-19E6-4B68-A622-2C473A0BF2D2}.Release|x64.Build.0 = Release|Any CPU
		{EF7E8493-19E6-4B68-A622-2C473A0BF2D2}.Release|x86.ActiveCfg = Release|Any CPU
		{EF7E8493-19E6-4B68-A622-2C473A0BF2D2}.Release|x86.Build.0 = Release|Any CPU
		{7AF51E57-0552-4E47-B72E-E53C36BFBE38}.Debug|Any CPU.ActiveCfg = Debug|Any CPU
		{7AF51E57-0552-4E47-B72E-E53C36BFBE38}.Debug|Any CPU.Build.0 = Debug|Any CPU
		{7AF51E57-0552-4E47-B72E-E53C36BFBE38}.Debug|x64.ActiveCfg = Debug|Any CPU
		{7AF51E57-0552-4E47-B72E-E53C36BFBE38}.Debug|x64.Build.0 = Debug|Any CPU
		{7AF51E57-0552-4E47-B72E-E53C36BFBE38}.Debug|x86.ActiveCfg = Debug|Any CPU
		{7AF51E57-0552-4E47-B72E-E53C36BFBE38}.Debug|x86.Build.0 = Debug|Any CPU
		{7AF51E57-0552-4E47-B72E-E53C36BFBE38}.Release|Any CPU.ActiveCfg = Release|Any CPU
		{7AF51E57-0552-4E47-B72E-E53C36BFBE38}.Release|Any CPU.Build.0 = Release|Any CPU
		{7AF51E57-0552-4E47-B72E-E53C36BFBE38}.Release|x64.ActiveCfg = Release|Any CPU
		{7AF51E57-0552-4E47-B72E-E53C36BFBE38}.Release|x64.Build.0 = Release|Any CPU
		{7AF51E57-0552-4E47-B72E-E53C36BFBE38}.Release|x86.ActiveCfg = Release|Any CPU
		{7AF51E57-0552-4E47-B72E-E53C36BFBE38}.Release|x86.Build.0 = Release|Any CPU
		{13E0DA19-A9B4-4B96-9311-5B6A158A9DA9}.Debug|Any CPU.ActiveCfg = Debug|Any CPU
		{13E0DA19-A9B4-4B96-9311-5B6A158A9DA9}.Debug|Any CPU.Build.0 = Debug|Any CPU
		{13E0DA19-A9B4-4B96-9311-5B6A158A9DA9}.Debug|x64.ActiveCfg = Debug|Any CPU
		{13E0DA19-A9B4-4B96-9311-5B6A158A9DA9}.Debug|x64.Build.0 = Debug|Any CPU
		{13E0DA19-A9B4-4B96-9311-5B6A158A9DA9}.Debug|x86.ActiveCfg = Debug|Any CPU
		{13E0DA19-A9B4-4B96-9311-5B6A158A9DA9}.Debug|x86.Build.0 = Debug|Any CPU
		{13E0DA19-A9B4-4B96-9311-5B6A158A9DA9}.Release|Any CPU.ActiveCfg = Release|Any CPU
		{13E0DA19-A9B4-4B96-9311-5B6A158A9DA9}.Release|Any CPU.Build.0 = Release|Any CPU
		{13E0DA19-A9B4-4B96-9311-5B6A158A9DA9}.Release|x64.ActiveCfg = Release|Any CPU
		{13E0DA19-A9B4-4B96-9311-5B6A158A9DA9}.Release|x64.Build.0 = Release|Any CPU
		{13E0DA19-A9B4-4B96-9311-5B6A158A9DA9}.Release|x86.ActiveCfg = Release|Any CPU
		{13E0DA19-A9B4-4B96-9311-5B6A158A9DA9}.Release|x86.Build.0 = Release|Any CPU
		{9E8055AB-6AFA-450A-AFF3-6EC7E7863D15}.Debug|Any CPU.ActiveCfg = Debug|Win32
		{9E8055AB-6AFA-450A-AFF3-6EC7E7863D15}.Debug|Any CPU.Build.0 = Debug|Win32
		{9E8055AB-6AFA-450A-AFF3-6EC7E7863D15}.Debug|x64.ActiveCfg = Debug|x64
		{9E8055AB-6AFA-450A-AFF3-6EC7E7863D15}.Debug|x64.Build.0 = Debug|x64
		{9E8055AB-6AFA-450A-AFF3-6EC7E7863D15}.Debug|x86.ActiveCfg = Debug|Win32
		{9E8055AB-6AFA-450A-AFF3-6EC7E7863D15}.Debug|x86.Build.0 = Debug|Win32
		{9E8055AB-6AFA-450A-AFF3-6EC7E7863D15}.Release|Any CPU.ActiveCfg = Release|Win32
		{9E8055AB-6AFA-450A-AFF3-6EC7E7863D15}.Release|x64.ActiveCfg = Release|x64
		{9E8055AB-6AFA-450A-AFF3-6EC7E7863D15}.Release|x64.Build.0 = Release|x64
		{9E8055AB-6AFA-450A-AFF3-6EC7E7863D15}.Release|x86.ActiveCfg = Release|Win32
		{9E8055AB-6AFA-450A-AFF3-6EC7E7863D15}.Release|x86.Build.0 = Release|Win32
		{7E414E77-22D5-4E24-810C-9371C9027BF5}.Debug|Any CPU.ActiveCfg = Debug|Any CPU
		{7E414E77-22D5-4E24-810C-9371C9027BF5}.Debug|Any CPU.Build.0 = Debug|Any CPU
		{7E414E77-22D5-4E24-810C-9371C9027BF5}.Debug|x64.ActiveCfg = Debug|Any CPU
		{7E414E77-22D5-4E24-810C-9371C9027BF5}.Debug|x64.Build.0 = Debug|Any CPU
		{7E414E77-22D5-4E24-810C-9371C9027BF5}.Debug|x86.ActiveCfg = Debug|Any CPU
		{7E414E77-22D5-4E24-810C-9371C9027BF5}.Debug|x86.Build.0 = Debug|Any CPU
		{7E414E77-22D5-4E24-810C-9371C9027BF5}.Release|Any CPU.ActiveCfg = Release|Any CPU
		{7E414E77-22D5-4E24-810C-9371C9027BF5}.Release|Any CPU.Build.0 = Release|Any CPU
		{7E414E77-22D5-4E24-810C-9371C9027BF5}.Release|x64.ActiveCfg = Release|Any CPU
		{7E414E77-22D5-4E24-810C-9371C9027BF5}.Release|x64.Build.0 = Release|Any CPU
		{7E414E77-22D5-4E24-810C-9371C9027BF5}.Release|x86.ActiveCfg = Release|Any CPU
		{7E414E77-22D5-4E24-810C-9371C9027BF5}.Release|x86.Build.0 = Release|Any CPU
	EndGlobalSection
	GlobalSection(SolutionProperties) = preSolution
		HideSolutionNode = FALSE
	EndGlobalSection
	GlobalSection(NestedProjects) = preSolution
		{9E8055AB-6AFA-450A-AFF3-6EC7E7863D15} = {CABEAD4F-E7A1-45C0-9257-746901BA6517}
	EndGlobalSection
	GlobalSection(ExtensibilityGlobals) = postSolution
		SolutionGuid = {16DFAE06-9638-4DC9-B6AF-1900276FDE75}
	EndGlobalSection
EndGlobal
